
Microsoft Visual Studio Solution File, Format Version 12.00
# Visual Studio Version 17
VisualStudioVersion = 17.4.33110.190
MinimumVisualStudioVersion = 10.0.40219.1
Project("{FAE04EC0-301F-11D3-BF4B-00C04F79EFBC}") = "WindowsFormsApp1", "WindowsFormsApp1\WindowsFormsApp1.csproj", "{6D71CE73-F083-476D-98B0-34AECD2AD3B9}"
	ProjectSection(ProjectDependencies) = postProject
		{0E7C82AF-FC87-40B6-B63D-59805E90FFB2} = {0E7C82AF-FC87-40B6-B63D-59805E90FFB2}
	EndProjectSection
EndProject
Project("{FAE04EC0-301F-11D3-BF4B-00C04F79EFBC}") = "PathFinder", "..\parking-tracker\PathFinder\PathFinder.csproj", "{0E7C82AF-FC87-40B6-B63D-59805E90FFB2}"
EndProject
Global
	GlobalSection(SolutionConfigurationPlatforms) = preSolution
		Debug|Any CPU = Debug|Any CPU
		Release|Any CPU = Release|Any CPU
	EndGlobalSection
	GlobalSection(ProjectConfigurationPlatforms) = postSolution
		{6D71CE73-F083-476D-98B0-34AECD2AD3B9}.Debug|Any CPU.ActiveCfg = Debug|Any CPU
		{6D71CE73-F083-476D-98B0-34AECD2AD3B9}.Debug|Any CPU.Build.0 = Debug|Any CPU
		{6D71CE73-F083-476D-98B0-34AECD2AD3B9}.Release|Any CPU.ActiveCfg = Release|Any CPU
		{6D71CE73-F083-476D-98B0-34AECD2AD3B9}.Release|Any CPU.Build.0 = Release|Any CPU
		{0E7C82AF-FC87-40B6-B63D-59805E90FFB2}.Debug|Any CPU.ActiveCfg = Debug|Any CPU
		{0E7C82AF-FC87-40B6-B63D-59805E90FFB2}.Debug|Any CPU.Build.0 = Debug|Any CPU
		{0E7C82AF-FC87-40B6-B63D-59805E90FFB2}.Release|Any CPU.ActiveCfg = Release|Any CPU
		{0E7C82AF-FC87-40B6-B63D-59805E90FFB2}.Release|Any CPU.Build.0 = Release|Any CPU
	EndGlobalSection
	GlobalSection(SolutionProperties) = preSolution
		HideSolutionNode = FALSE
	EndGlobalSection
	GlobalSection(ExtensibilityGlobals) = postSolution
		SolutionGuid = {70F879EF-DF30-41C0-8CD6-31BB0CC64A1F}
	EndGlobalSection
EndGlobal
